
Microsoft Visual Studio Solution File, Format Version 12.00
# Visual Studio Version 17
VisualStudioVersion = 17.7.34221.43
MinimumVisualStudioVersion = 10.0.40219.1
Project("{FAE04EC0-301F-11D3-BF4B-00C04F79EFBC}") = "EF & LINQ", "EF & LINQ\EF & LINQ.csproj", "{C7A2DCA6-E523-4349-9367-C87BA0CE0DFE}"
EndProject
Global
	GlobalSection(SolutionConfigurationPlatforms) = preSolution
		Debug|Any CPU = Debug|Any CPU
		Release|Any CPU = Release|Any CPU
	EndGlobalSection
	GlobalSection(ProjectConfigurationPlatforms) = postSolution
		{C7A2DCA6-E523-4349-9367-C87BA0CE0DFE}.Debug|Any CPU.ActiveCfg = Debug|Any CPU
		{C7A2DCA6-E523-4349-9367-C87BA0CE0DFE}.Debug|Any CPU.Build.0 = Debug|Any CPU
		{C7A2DCA6-E523-4349-9367-C87BA0CE0DFE}.Release|Any CPU.ActiveCfg = Release|Any CPU
		{C7A2DCA6-E523-4349-9367-C87BA0CE0DFE}.Release|Any CPU.Build.0 = Release|Any CPU
	EndGlobalSection
	GlobalSection(SolutionProperties) = preSolution
		HideSolutionNode = FALSE
	EndGlobalSection
	GlobalSection(ExtensibilityGlobals) = postSolution
		SolutionGuid = {85E4AD43-A96C-48FC-84EA-0235EA6BCAEC}
	EndGlobalSection
EndGlobal
